
Microsoft Visual Studio Solution File, Format Version 12.00
# Visual Studio Version 17
VisualStudioVersion = 17.7.34221.43
MinimumVisualStudioVersion = 10.0.40219.1
Project("{FAE04EC0-301F-11D3-BF4B-00C04F79EFBC}") = "Assignment-22", "Assignment-22\Assignment-22.csproj", "{B179CDA4-1062-4D16-AA57-C4E76A4AEAE8}"
EndProject
Global
	GlobalSection(SolutionConfigurationPlatforms) = preSolution
		Debug|Any CPU = Debug|Any CPU
		Release|Any CPU = Release|Any CPU
	EndGlobalSection
	GlobalSection(ProjectConfigurationPlatforms) = postSolution
		{B179CDA4-1062-4D16-AA57-C4E76A4AEAE8}.Debug|Any CPU.ActiveCfg = Debug|Any CPU
		{B179CDA4-1062-4D16-AA57-C4E76A4AEAE8}.Debug|Any CPU.Build.0 = Debug|Any CPU
		{B179CDA4-1062-4D16-AA57-C4E76A4AEAE8}.Release|Any CPU.ActiveCfg = Release|Any CPU
		{B179CDA4-1062-4D16-AA57-C4E76A4AEAE8}.Release|Any CPU.Build.0 = Release|Any CPU
	EndGlobalSection
	GlobalSection(SolutionProperties) = preSolution
		HideSolutionNode = FALSE
	EndGlobalSection
	GlobalSection(ExtensibilityGlobals) = postSolution
		SolutionGuid = {3E35E679-BA06-4C78-A047-708414D5911A}
	EndGlobalSection
EndGlobal
